
Microsoft Visual Studio Solution File, Format Version 12.00
# Visual Studio Version 17
VisualStudioVersion = 17.7.34202.233
MinimumVisualStudioVersion = 10.0.40219.1
Project("{9A19103F-16F7-4668-BE54-9A1E7A4F7556}") = "RepairKit", "RepairKit\RepairKit.csproj", "{C48F0E7F-055E-41FD-A119-B4766A391D09}"
EndProject
Project("{9A19103F-16F7-4668-BE54-9A1E7A4F7556}") = "UnSkillScroll", "UnSkillScroll\UnSkillScroll.csproj", "{BFDC206E-C660-4DCE-9FCE-049D3454BC4E}"
	ProjectSection(ProjectDependencies) = postProject
		{07F6B5EF-3B44-4733-81E3-18859F95085C} = {07F6B5EF-3B44-4733-81E3-18859F95085C}
		{0D790B47-7233-42B3-B224-09713D397E0F} = {0D790B47-7233-42B3-B224-09713D397E0F}
		{183A9486-1AEB-4923-92AF-BEC38DA4DE49} = {183A9486-1AEB-4923-92AF-BEC38DA4DE49}
		{1AA0959A-EDE3-453A-A7A8-D3A81ADA2546} = {1AA0959A-EDE3-453A-A7A8-D3A81ADA2546}
		{29F9AC7B-63D8-473A-A80E-761AEE95B937} = {29F9AC7B-63D8-473A-A80E-761AEE95B937}
		{3CAC8FF9-38DE-4856-881B-5A06B6FACF2A} = {3CAC8FF9-38DE-4856-881B-5A06B6FACF2A}
		{8F6A6581-BB00-45E7-8E26-8E4F4E3E29AC} = {8F6A6581-BB00-45E7-8E26-8E4F4E3E29AC}
		{C48F0E7F-055E-41FD-A119-B4766A391D09} = {C48F0E7F-055E-41FD-A119-B4766A391D09}
		{D9B80170-DC91-4CED-8466-67133F37F58B} = {D9B80170-DC91-4CED-8466-67133F37F58B}
		{EC2BCD14-7B1B-43E0-929E-F62A09A485D5} = {EC2BCD14-7B1B-43E0-929E-F62A09A485D5}
	EndProjectSection
EndProject
Project("{9A19103F-16F7-4668-BE54-9A1E7A4F7556}") = "ExhaustionMod", "ExhaustionMod\ExhaustionMod.csproj", "{D9B80170-DC91-4CED-8466-67133F37F58B}"
EndProject
Project("{9A19103F-16F7-4668-BE54-9A1E7A4F7556}") = "ServerAchievements", "ServerAchievements\ServerAchievements.csproj", "{D69C5590-F6FF-46C5-9E6C-1CCD7DC86441}"
EndProject
Project("{9A19103F-16F7-4668-BE54-9A1E7A4F7556}") = "Alcohol", "Alcohol\Alcohol.csproj", "{3CAC8FF9-38DE-4856-881B-5A06B6FACF2A}"
EndProject
Project("{9A19103F-16F7-4668-BE54-9A1E7A4F7556}") = "OilField", "OilField\OilField.csproj", "{29F9AC7B-63D8-473A-A80E-761AEE95B937}"
EndProject
Project("{9A19103F-16F7-4668-BE54-9A1E7A4F7556}") = "Core", "Core\Core.csproj", "{75E08884-4A3C-491E-A307-693EDA164D10}"
EndProject
Project("{9A19103F-16F7-4668-BE54-9A1E7A4F7556}") = "Researcher", "Researcher\Researcher.csproj", "{EC2BCD14-7B1B-43E0-929E-F62A09A485D5}"
EndProject
Project("{9A19103F-16F7-4668-BE54-9A1E7A4F7556}") = "Industrial Generator", "Industrial Generator\Industrial Generator.csproj", "{8F6A6581-BB00-45E7-8E26-8E4F4E3E29AC}"
EndProject
Project("{2150E333-8FDC-42A3-9474-1A3956D46DE8}") = "Config", "Config", "{8BBA4972-0A53-444B-A76E-EB97EBB718B2}"
	ProjectSection(SolutionItems) = preProject
		Balance.eco = Balance.eco
		Civics.eco = Civics.eco
		Difficulty.eco = Difficulty.eco
		Disasters.eco = Disasters.eco
		EcoSim.eco = EcoSim.eco
		Features.eco = Features.eco
		Localization.eco = Localization.eco
		Network.eco = Network.eco
		Rooms.eco = Rooms.eco
		Settlements.eco = Settlements.eco
		Users.eco = Users.eco
	EndProjectSection
EndProject
Project("{9A19103F-16F7-4668-BE54-9A1E7A4F7556}") = "Traps", "Traps\Traps.csproj", "{07F6B5EF-3B44-4733-81E3-18859F95085C}"
EndProject
Project("{9A19103F-16F7-4668-BE54-9A1E7A4F7556}") = "ECOPedia", "ECOPedia\ECOPedia.csproj", "{0D790B47-7233-42B3-B224-09713D397E0F}"
EndProject
Project("{9A19103F-16F7-4668-BE54-9A1E7A4F7556}") = "Nutrition", "Nutrition\Nutrition.csproj", "{183A9486-1AEB-4923-92AF-BEC38DA4DE49}"
EndProject
Project("{9A19103F-16F7-4668-BE54-9A1E7A4F7556}") = "HunterMod", "HunterMod\HunterMod.csproj", "{1AA0959A-EDE3-453A-A7A8-D3A81ADA2546}"
EndProject
Project("{9A19103F-16F7-4668-BE54-9A1E7A4F7556}") = "HousingMod", "HousingMod\HousingMod.csproj", "{0625F1F1-4696-4340-AB91-C969F3CAA47B}"
EndProject
Project("{9A19103F-16F7-4668-BE54-9A1E7A4F7556}") = "Laboratory", "Laboratory\Laboratory.csproj", "{97568D78-C341-43CD-88B8-0DF701E37F3A}"
EndProject
Project("{9A19103F-16F7-4668-BE54-9A1E7A4F7556}") = "Monnaie", "Monnaie\Monnaie.csproj", "{3F86A7F6-C0FD-4144-93AA-B9D64AE31F48}"
EndProject
Project("{9A19103F-16F7-4668-BE54-9A1E7A4F7556}") = "Templates", "Templates\Templates.csproj", "{5FD6ECFF-D9E7-4E78-982F-7245D4E644C5}"
EndProject
Project("{9A19103F-16F7-4668-BE54-9A1E7A4F7556}") = "Logging Specialty", "Logging Speciality\Logging Specialty.csproj", "{381BC9FC-4E39-4004-ADBA-1700131A625F}"
EndProject
Project("{9A19103F-16F7-4668-BE54-9A1E7A4F7556}") = "MiningSpecialty", "Mining Specialty\MiningSpecialty.csproj", "{592501C6-4F94-4375-93D9-FA9996692FFD}"
EndProject
Project("{9A19103F-16F7-4668-BE54-9A1E7A4F7556}") = "Enseigne(projetabandonneSLGencours)", "Enseigne\Enseigne(projetabandonneSLGencours).csproj", "{06A47C4E-0F44-481A-8D7C-1CC8E277FB2B}"
EndProject
Project("{9A19103F-16F7-4668-BE54-9A1E7A4F7556}") = "FacteurMod", "FacteurMod\FacteurMod.csproj", "{A58427DC-A46D-4C36-8BAE-5BCE37C2AD31}"
EndProject
Project("{9A19103F-16F7-4668-BE54-9A1E7A4F7556}") = "DiseasesMod", "DiseasesMod\DiseasesMod.csproj", "{7268D806-4F13-4F27-9ACF-EA5F1897BA86}"
EndProject
Project("{9A19103F-16F7-4668-BE54-9A1E7A4F7556}") = "VehicleTestMod", "VehicleTestMod\VehicleTestMod.csproj", "{4AF958C6-39A4-4BDC-A098-51C0E2470683}"
EndProject
Project("{2150E333-8FDC-42A3-9474-1A3956D46DE8}") = "Solution Items", "Solution Items", "{F29D44D1-0700-4EC1-8E99-F29C7ADA1ACB}"
	ProjectSection(SolutionItems) = preProject
		.editorconfig = .editorconfig
	EndProjectSection
EndProject
Global
	GlobalSection(SolutionConfigurationPlatforms) = preSolution
		Debug|Any CPU = Debug|Any CPU
		Release|Any CPU = Release|Any CPU
	EndGlobalSection
	GlobalSection(ProjectConfigurationPlatforms) = postSolution
		{C48F0E7F-055E-41FD-A119-B4766A391D09}.Debug|Any CPU.ActiveCfg = Debug|Any CPU
		{C48F0E7F-055E-41FD-A119-B4766A391D09}.Debug|Any CPU.Build.0 = Debug|Any CPU
		{C48F0E7F-055E-41FD-A119-B4766A391D09}.Release|Any CPU.ActiveCfg = Release|Any CPU
		{C48F0E7F-055E-41FD-A119-B4766A391D09}.Release|Any CPU.Build.0 = Release|Any CPU
		{BFDC206E-C660-4DCE-9FCE-049D3454BC4E}.Debug|Any CPU.ActiveCfg = Debug|Any CPU
		{BFDC206E-C660-4DCE-9FCE-049D3454BC4E}.Debug|Any CPU.Build.0 = Debug|Any CPU
		{BFDC206E-C660-4DCE-9FCE-049D3454BC4E}.Release|Any CPU.ActiveCfg = Release|Any CPU
		{BFDC206E-C660-4DCE-9FCE-049D3454BC4E}.Release|Any CPU.Build.0 = Release|Any CPU
		{D9B80170-DC91-4CED-8466-67133F37F58B}.Debug|Any CPU.ActiveCfg = Debug|Any CPU
		{D9B80170-DC91-4CED-8466-67133F37F58B}.Debug|Any CPU.Build.0 = Debug|Any CPU
		{D9B80170-DC91-4CED-8466-67133F37F58B}.Release|Any CPU.ActiveCfg = Release|Any CPU
		{D9B80170-DC91-4CED-8466-67133F37F58B}.Release|Any CPU.Build.0 = Release|Any CPU
		{D69C5590-F6FF-46C5-9E6C-1CCD7DC86441}.Debug|Any CPU.ActiveCfg = Debug|Any CPU
		{D69C5590-F6FF-46C5-9E6C-1CCD7DC86441}.Debug|Any CPU.Build.0 = Debug|Any CPU
		{D69C5590-F6FF-46C5-9E6C-1CCD7DC86441}.Release|Any CPU.ActiveCfg = Release|Any CPU
		{D69C5590-F6FF-46C5-9E6C-1CCD7DC86441}.Release|Any CPU.Build.0 = Release|Any CPU
		{3CAC8FF9-38DE-4856-881B-5A06B6FACF2A}.Debug|Any CPU.ActiveCfg = Debug|Any CPU
		{3CAC8FF9-38DE-4856-881B-5A06B6FACF2A}.Debug|Any CPU.Build.0 = Debug|Any CPU
		{3CAC8FF9-38DE-4856-881B-5A06B6FACF2A}.Release|Any CPU.ActiveCfg = Release|Any CPU
		{3CAC8FF9-38DE-4856-881B-5A06B6FACF2A}.Release|Any CPU.Build.0 = Release|Any CPU
		{29F9AC7B-63D8-473A-A80E-761AEE95B937}.Debug|Any CPU.ActiveCfg = Debug|Any CPU
		{29F9AC7B-63D8-473A-A80E-761AEE95B937}.Debug|Any CPU.Build.0 = Debug|Any CPU
		{29F9AC7B-63D8-473A-A80E-761AEE95B937}.Release|Any CPU.ActiveCfg = Release|Any CPU
		{29F9AC7B-63D8-473A-A80E-761AEE95B937}.Release|Any CPU.Build.0 = Release|Any CPU
		{75E08884-4A3C-491E-A307-693EDA164D10}.Debug|Any CPU.ActiveCfg = Debug|Any CPU
		{75E08884-4A3C-491E-A307-693EDA164D10}.Debug|Any CPU.Build.0 = Debug|Any CPU
		{75E08884-4A3C-491E-A307-693EDA164D10}.Release|Any CPU.ActiveCfg = Release|Any CPU
		{75E08884-4A3C-491E-A307-693EDA164D10}.Release|Any CPU.Build.0 = Release|Any CPU
		{EC2BCD14-7B1B-43E0-929E-F62A09A485D5}.Debug|Any CPU.ActiveCfg = Debug|Any CPU
		{EC2BCD14-7B1B-43E0-929E-F62A09A485D5}.Debug|Any CPU.Build.0 = Debug|Any CPU
		{EC2BCD14-7B1B-43E0-929E-F62A09A485D5}.Release|Any CPU.ActiveCfg = Release|Any CPU
		{EC2BCD14-7B1B-43E0-929E-F62A09A485D5}.Release|Any CPU.Build.0 = Release|Any CPU
		{8F6A6581-BB00-45E7-8E26-8E4F4E3E29AC}.Debug|Any CPU.ActiveCfg = Debug|Any CPU
		{8F6A6581-BB00-45E7-8E26-8E4F4E3E29AC}.Debug|Any CPU.Build.0 = Debug|Any CPU
		{8F6A6581-BB00-45E7-8E26-8E4F4E3E29AC}.Release|Any CPU.ActiveCfg = Release|Any CPU
		{8F6A6581-BB00-45E7-8E26-8E4F4E3E29AC}.Release|Any CPU.Build.0 = Release|Any CPU
		{07F6B5EF-3B44-4733-81E3-18859F95085C}.Debug|Any CPU.ActiveCfg = Debug|Any CPU
		{07F6B5EF-3B44-4733-81E3-18859F95085C}.Debug|Any CPU.Build.0 = Debug|Any CPU
		{07F6B5EF-3B44-4733-81E3-18859F95085C}.Release|Any CPU.ActiveCfg = Release|Any CPU
		{07F6B5EF-3B44-4733-81E3-18859F95085C}.Release|Any CPU.Build.0 = Release|Any CPU
		{0D790B47-7233-42B3-B224-09713D397E0F}.Debug|Any CPU.ActiveCfg = Debug|Any CPU
		{0D790B47-7233-42B3-B224-09713D397E0F}.Debug|Any CPU.Build.0 = Debug|Any CPU
		{0D790B47-7233-42B3-B224-09713D397E0F}.Release|Any CPU.ActiveCfg = Release|Any CPU
		{0D790B47-7233-42B3-B224-09713D397E0F}.Release|Any CPU.Build.0 = Release|Any CPU
		{183A9486-1AEB-4923-92AF-BEC38DA4DE49}.Debug|Any CPU.ActiveCfg = Debug|Any CPU
		{183A9486-1AEB-4923-92AF-BEC38DA4DE49}.Debug|Any CPU.Build.0 = Debug|Any CPU
		{183A9486-1AEB-4923-92AF-BEC38DA4DE49}.Release|Any CPU.ActiveCfg = Release|Any CPU
		{183A9486-1AEB-4923-92AF-BEC38DA4DE49}.Release|Any CPU.Build.0 = Release|Any CPU
		{1AA0959A-EDE3-453A-A7A8-D3A81ADA2546}.Debug|Any CPU.ActiveCfg = Debug|Any CPU
		{1AA0959A-EDE3-453A-A7A8-D3A81ADA2546}.Debug|Any CPU.Build.0 = Debug|Any CPU
		{1AA0959A-EDE3-453A-A7A8-D3A81ADA2546}.Release|Any CPU.ActiveCfg = Release|Any CPU
		{1AA0959A-EDE3-453A-A7A8-D3A81ADA2546}.Release|Any CPU.Build.0 = Release|Any CPU
		{0625F1F1-4696-4340-AB91-C969F3CAA47B}.Debug|Any CPU.ActiveCfg = Debug|Any CPU
		{0625F1F1-4696-4340-AB91-C969F3CAA47B}.Debug|Any CPU.Build.0 = Debug|Any CPU
		{0625F1F1-4696-4340-AB91-C969F3CAA47B}.Release|Any CPU.ActiveCfg = Release|Any CPU
		{0625F1F1-4696-4340-AB91-C969F3CAA47B}.Release|Any CPU.Build.0 = Release|Any CPU
		{97568D78-C341-43CD-88B8-0DF701E37F3A}.Debug|Any CPU.ActiveCfg = Debug|Any CPU
		{97568D78-C341-43CD-88B8-0DF701E37F3A}.Debug|Any CPU.Build.0 = Debug|Any CPU
		{97568D78-C341-43CD-88B8-0DF701E37F3A}.Release|Any CPU.ActiveCfg = Release|Any CPU
		{97568D78-C341-43CD-88B8-0DF701E37F3A}.Release|Any CPU.Build.0 = Release|Any CPU
		{3F86A7F6-C0FD-4144-93AA-B9D64AE31F48}.Debug|Any CPU.ActiveCfg = Debug|Any CPU
		{3F86A7F6-C0FD-4144-93AA-B9D64AE31F48}.Debug|Any CPU.Build.0 = Debug|Any CPU
		{3F86A7F6-C0FD-4144-93AA-B9D64AE31F48}.Release|Any CPU.ActiveCfg = Release|Any CPU
		{3F86A7F6-C0FD-4144-93AA-B9D64AE31F48}.Release|Any CPU.Build.0 = Release|Any CPU
		{5FD6ECFF-D9E7-4E78-982F-7245D4E644C5}.Debug|Any CPU.ActiveCfg = Debug|Any CPU
		{5FD6ECFF-D9E7-4E78-982F-7245D4E644C5}.Debug|Any CPU.Build.0 = Debug|Any CPU
		{5FD6ECFF-D9E7-4E78-982F-7245D4E644C5}.Release|Any CPU.ActiveCfg = Release|Any CPU
		{5FD6ECFF-D9E7-4E78-982F-7245D4E644C5}.Release|Any CPU.Build.0 = Release|Any CPU
		{381BC9FC-4E39-4004-ADBA-1700131A625F}.Debug|Any CPU.ActiveCfg = Debug|Any CPU
		{381BC9FC-4E39-4004-ADBA-1700131A625F}.Debug|Any CPU.Build.0 = Debug|Any CPU
		{381BC9FC-4E39-4004-ADBA-1700131A625F}.Release|Any CPU.ActiveCfg = Release|Any CPU
		{381BC9FC-4E39-4004-ADBA-1700131A625F}.Release|Any CPU.Build.0 = Release|Any CPU
		{592501C6-4F94-4375-93D9-FA9996692FFD}.Debug|Any CPU.ActiveCfg = Debug|Any CPU
		{592501C6-4F94-4375-93D9-FA9996692FFD}.Debug|Any CPU.Build.0 = Debug|Any CPU
		{592501C6-4F94-4375-93D9-FA9996692FFD}.Release|Any CPU.ActiveCfg = Release|Any CPU
		{592501C6-4F94-4375-93D9-FA9996692FFD}.Release|Any CPU.Build.0 = Release|Any CPU
		{06A47C4E-0F44-481A-8D7C-1CC8E277FB2B}.Debug|Any CPU.ActiveCfg = Debug|Any CPU
		{06A47C4E-0F44-481A-8D7C-1CC8E277FB2B}.Debug|Any CPU.Build.0 = Debug|Any CPU
		{06A47C4E-0F44-481A-8D7C-1CC8E277FB2B}.Release|Any CPU.ActiveCfg = Release|Any CPU
		{06A47C4E-0F44-481A-8D7C-1CC8E277FB2B}.Release|Any CPU.Build.0 = Release|Any CPU
		{A58427DC-A46D-4C36-8BAE-5BCE37C2AD31}.Debug|Any CPU.ActiveCfg = Debug|Any CPU
		{A58427DC-A46D-4C36-8BAE-5BCE37C2AD31}.Debug|Any CPU.Build.0 = Debug|Any CPU
		{A58427DC-A46D-4C36-8BAE-5BCE37C2AD31}.Release|Any CPU.ActiveCfg = Release|Any CPU
		{A58427DC-A46D-4C36-8BAE-5BCE37C2AD31}.Release|Any CPU.Build.0 = Release|Any CPU
		{7268D806-4F13-4F27-9ACF-EA5F1897BA86}.Debug|Any CPU.ActiveCfg = Debug|Any CPU
		{7268D806-4F13-4F27-9ACF-EA5F1897BA86}.Debug|Any CPU.Build.0 = Debug|Any CPU
		{7268D806-4F13-4F27-9ACF-EA5F1897BA86}.Release|Any CPU.ActiveCfg = Release|Any CPU
		{7268D806-4F13-4F27-9ACF-EA5F1897BA86}.Release|Any CPU.Build.0 = Release|Any CPU
		{4AF958C6-39A4-4BDC-A098-51C0E2470683}.Debug|Any CPU.ActiveCfg = Debug|Any CPU
		{4AF958C6-39A4-4BDC-A098-51C0E2470683}.Debug|Any CPU.Build.0 = Debug|Any CPU
		{4AF958C6-39A4-4BDC-A098-51C0E2470683}.Release|Any CPU.ActiveCfg = Release|Any CPU
		{4AF958C6-39A4-4BDC-A098-51C0E2470683}.Release|Any CPU.Build.0 = Release|Any CPU
	EndGlobalSection
	GlobalSection(SolutionProperties) = preSolution
		HideSolutionNode = FALSE
	EndGlobalSection
	GlobalSection(ExtensibilityGlobals) = postSolution
		SolutionGuid = {4984F33F-9894-4492-A8A5-0CB2E475A2DD}
	EndGlobalSection
EndGlobal
