
Microsoft Visual Studio Solution File, Format Version 12.00
# Visual Studio Version 17
VisualStudioVersion = 17.7.34202.233
MinimumVisualStudioVersion = 10.0.40219.1
Project("{FAE04EC0-301F-11D3-BF4B-00C04F79EFBC}") = "RepairKit", "RepairKit\RepairKit.csproj", "{C48F0E7F-055E-41FD-A119-B4766A391D09}"
EndProject
Project("{FAE04EC0-301F-11D3-BF4B-00C04F79EFBC}") = "UnSkillScroll", "UnSkillScroll\UnSkillScroll.csproj", "{BFDC206E-C660-4DCE-9FCE-049D3454BC4E}"
EndProject
Project("{FAE04EC0-301F-11D3-BF4B-00C04F79EFBC}") = "ExhaustionMod", "ExhaustionMod\ExhaustionMod.csproj", "{D9B80170-DC91-4CED-8466-67133F37F58B}"
EndProject
Project("{FAE04EC0-301F-11D3-BF4B-00C04F79EFBC}") = "VillageCommands", "VillageCommands\VillageCommands.csproj", "{80D16477-0CC4-464E-993F-BB60C4A13458}"
EndProject
Project("{FAE04EC0-301F-11D3-BF4B-00C04F79EFBC}") = "ServerAchievements", "ServerAchievements\ServerAchievements.csproj", "{D69C5590-F6FF-46C5-9E6C-1CCD7DC86441}"
EndProject
Project("{FAE04EC0-301F-11D3-BF4B-00C04F79EFBC}") = "VehicleSpeedModifiers", "VehicleSpeedModifiers\VehicleSpeedModifiers.csproj", "{82C3D0C5-4E40-48A1-9328-A10274A74845}"
EndProject
Project("{FAE04EC0-301F-11D3-BF4B-00C04F79EFBC}") = "Alcohol", "Alcohol\Alcohol.csproj", "{3CAC8FF9-38DE-4856-881B-5A06B6FACF2A}"
EndProject
Global
	GlobalSection(SolutionConfigurationPlatforms) = preSolution
		Debug|Any CPU = Debug|Any CPU
		Release|Any CPU = Release|Any CPU
	EndGlobalSection
	GlobalSection(ProjectConfigurationPlatforms) = postSolution
		{C48F0E7F-055E-41FD-A119-B4766A391D09}.Debug|Any CPU.ActiveCfg = Debug|Any CPU
		{C48F0E7F-055E-41FD-A119-B4766A391D09}.Debug|Any CPU.Build.0 = Debug|Any CPU
		{C48F0E7F-055E-41FD-A119-B4766A391D09}.Release|Any CPU.ActiveCfg = Release|Any CPU
		{C48F0E7F-055E-41FD-A119-B4766A391D09}.Release|Any CPU.Build.0 = Release|Any CPU
		{BFDC206E-C660-4DCE-9FCE-049D3454BC4E}.Debug|Any CPU.ActiveCfg = Debug|Any CPU
		{BFDC206E-C660-4DCE-9FCE-049D3454BC4E}.Debug|Any CPU.Build.0 = Debug|Any CPU
		{BFDC206E-C660-4DCE-9FCE-049D3454BC4E}.Release|Any CPU.ActiveCfg = Release|Any CPU
		{BFDC206E-C660-4DCE-9FCE-049D3454BC4E}.Release|Any CPU.Build.0 = Release|Any CPU
		{D9B80170-DC91-4CED-8466-67133F37F58B}.Debug|Any CPU.ActiveCfg = Debug|Any CPU
		{D9B80170-DC91-4CED-8466-67133F37F58B}.Debug|Any CPU.Build.0 = Debug|Any CPU
		{D9B80170-DC91-4CED-8466-67133F37F58B}.Release|Any CPU.ActiveCfg = Release|Any CPU
		{D9B80170-DC91-4CED-8466-67133F37F58B}.Release|Any CPU.Build.0 = Release|Any CPU
		{80D16477-0CC4-464E-993F-BB60C4A13458}.Debug|Any CPU.ActiveCfg = Debug|Any CPU
		{80D16477-0CC4-464E-993F-BB60C4A13458}.Debug|Any CPU.Build.0 = Debug|Any CPU
		{80D16477-0CC4-464E-993F-BB60C4A13458}.Release|Any CPU.ActiveCfg = Release|Any CPU
		{80D16477-0CC4-464E-993F-BB60C4A13458}.Release|Any CPU.Build.0 = Release|Any CPU
		{D69C5590-F6FF-46C5-9E6C-1CCD7DC86441}.Debug|Any CPU.ActiveCfg = Debug|Any CPU
		{D69C5590-F6FF-46C5-9E6C-1CCD7DC86441}.Debug|Any CPU.Build.0 = Debug|Any CPU
		{D69C5590-F6FF-46C5-9E6C-1CCD7DC86441}.Release|Any CPU.ActiveCfg = Release|Any CPU
		{D69C5590-F6FF-46C5-9E6C-1CCD7DC86441}.Release|Any CPU.Build.0 = Release|Any CPU
		{82C3D0C5-4E40-48A1-9328-A10274A74845}.Debug|Any CPU.ActiveCfg = Debug|Any CPU
		{82C3D0C5-4E40-48A1-9328-A10274A74845}.Debug|Any CPU.Build.0 = Debug|Any CPU
		{82C3D0C5-4E40-48A1-9328-A10274A74845}.Release|Any CPU.ActiveCfg = Release|Any CPU
		{82C3D0C5-4E40-48A1-9328-A10274A74845}.Release|Any CPU.Build.0 = Release|Any CPU
		{3CAC8FF9-38DE-4856-881B-5A06B6FACF2A}.Debug|Any CPU.ActiveCfg = Debug|Any CPU
		{3CAC8FF9-38DE-4856-881B-5A06B6FACF2A}.Debug|Any CPU.Build.0 = Debug|Any CPU
		{3CAC8FF9-38DE-4856-881B-5A06B6FACF2A}.Release|Any CPU.ActiveCfg = Release|Any CPU
		{3CAC8FF9-38DE-4856-881B-5A06B6FACF2A}.Release|Any CPU.Build.0 = Release|Any CPU
	EndGlobalSection
	GlobalSection(SolutionProperties) = preSolution
		HideSolutionNode = FALSE
	EndGlobalSection
	GlobalSection(ExtensibilityGlobals) = postSolution
		SolutionGuid = {4984F33F-9894-4492-A8A5-0CB2E475A2DD}
	EndGlobalSection
EndGlobal
